
Microsoft Visual Studio Solution File, Format Version 12.00
# Visual Studio 2012
Project("{FAE04EC0-301F-11D3-BF4B-00C04F79EFBC}") = "BindingAlias.SampleWeb", "BindingAlias.SampleWeb.csproj", "{B91B7917-D31A-47BE-BF27-6F109DC9CD43}"
EndProject
Project("{FAE04EC0-301F-11D3-BF4B-00C04F79EFBC}") = "BindingAlias", "..\BindingAlias\BindingAlias.csproj", "{DB6DCF44-63AD-4D3A-9A7D-6482FFF6123E}"
EndProject
Global
	GlobalSection(SolutionConfigurationPlatforms) = preSolution
		Debug|Any CPU = Debug|Any CPU
		Release|Any CPU = Release|Any CPU
	EndGlobalSection
	GlobalSection(ProjectConfigurationPlatforms) = postSolution
		{B91B7917-D31A-47BE-BF27-6F109DC9CD43}.Debug|Any CPU.ActiveCfg = Debug|Any CPU
		{B91B7917-D31A-47BE-BF27-6F109DC9CD43}.Debug|Any CPU.Build.0 = Debug|Any CPU
		{B91B7917-D31A-47BE-BF27-6F109DC9CD43}.Release|Any CPU.ActiveCfg = Release|Any CPU
		{B91B7917-D31A-47BE-BF27-6F109DC9CD43}.Release|Any CPU.Build.0 = Release|Any CPU
		{DB6DCF44-63AD-4D3A-9A7D-6482FFF6123E}.Debug|Any CPU.ActiveCfg = Release|Any CPU
		{DB6DCF44-63AD-4D3A-9A7D-6482FFF6123E}.Debug|Any CPU.Build.0 = Release|Any CPU
		{DB6DCF44-63AD-4D3A-9A7D-6482FFF6123E}.Release|Any CPU.ActiveCfg = Release|Any CPU
		{DB6DCF44-63AD-4D3A-9A7D-6482FFF6123E}.Release|Any CPU.Build.0 = Release|Any CPU
	EndGlobalSection
	GlobalSection(SolutionProperties) = preSolution
		HideSolutionNode = FALSE
	EndGlobalSection
EndGlobal
